
Microsoft Visual Studio Solution File, Format Version 12.00
Project("{FAE04EC0-301F-11D3-BF4B-00C04F79EFBC}") = "HyperTrieCore", "src\HyperTrieCore\HyperTrieCore.csproj", "{9620B4DA-06BE-4255-A514-B3766559638F}"
EndProject
Project("{FAE04EC0-301F-11D3-BF4B-00C04F79EFBC}") = "HyperTrieTester", "src\HyperTrieTester\HyperTrieTester.csproj", "{03A4AEF2-7D15-4A73-BB03-B1EA348B4466}"
EndProject
Global
	GlobalSection(SolutionConfigurationPlatforms) = preSolution
		Debug|Any CPU = Debug|Any CPU
		Release|Any CPU = Release|Any CPU
	EndGlobalSection
	GlobalSection(ProjectConfigurationPlatforms) = postSolution
		{9620B4DA-06BE-4255-A514-B3766559638F}.Debug|Any CPU.ActiveCfg = Debug|Any CPU
		{9620B4DA-06BE-4255-A514-B3766559638F}.Debug|Any CPU.Build.0 = Debug|Any CPU
		{9620B4DA-06BE-4255-A514-B3766559638F}.Release|Any CPU.ActiveCfg = Release|Any CPU
		{9620B4DA-06BE-4255-A514-B3766559638F}.Release|Any CPU.Build.0 = Release|Any CPU
		{03A4AEF2-7D15-4A73-BB03-B1EA348B4466}.Debug|Any CPU.ActiveCfg = Debug|Any CPU
		{03A4AEF2-7D15-4A73-BB03-B1EA348B4466}.Debug|Any CPU.Build.0 = Debug|Any CPU
		{03A4AEF2-7D15-4A73-BB03-B1EA348B4466}.Release|Any CPU.ActiveCfg = Release|Any CPU
		{03A4AEF2-7D15-4A73-BB03-B1EA348B4466}.Release|Any CPU.Build.0 = Release|Any CPU
	EndGlobalSection
EndGlobal
