# This file is automatically @generated by Cargo.
# It is not intended for manual editing.
version = 4

[[package]]
name = "bit-vec"
version = "0.9.0"
source = "registry+https://github.com/rust-lang/crates.io-index"
checksum = "d44cfd1dc88ca497548b2fe5f03db99a7f03d18b060137eebbd786f2a7ae56ef"

[[package]]
name = "gxhash"
version = "3.5.0"
source = "registry+https://github.com/rust-lang/crates.io-index"
checksum = "f3ce1bab7aa741d4e7042b2aae415b78741f267a98a7271ea226cd5ba6c43d7d"
dependencies = [
 "rustversion",
]

[[package]]
name = "hypertrie"
version = "0.1.0"
dependencies = [
 "bit-vec",
 "gxhash",
]

[[package]]
name = "rustversion"
version = "1.0.21"
source = "registry+https://github.com/rust-lang/crates.io-index"
checksum = "8a0d197bd2c9dc6e53b84da9556a69ba4cdfab8619eb41a8bd1cc2027a0f6b1d"
